
Microsoft Visual Studio Solution File, Format Version 12.00
# Visual Studio Version 17
VisualStudioVersion = 17.4.33103.184
MinimumVisualStudioVersion = 10.0.40219.1
Project("{FAE04EC0-301F-11D3-BF4B-00C04F79EFBC}") = "TestWork", "TestWork\TestWork.csproj", "{7AB20D66-00C6-40CA-87E2-FF775E51C7DE}"
EndProject
Global
	GlobalSection(SolutionConfigurationPlatforms) = preSolution
		Debug|Any CPU = Debug|Any CPU
		Release|Any CPU = Release|Any CPU
	EndGlobalSection
	GlobalSection(ProjectConfigurationPlatforms) = postSolution
		{7AB20D66-00C6-40CA-87E2-FF775E51C7DE}.Debug|Any CPU.ActiveCfg = Debug|Any CPU
		{7AB20D66-00C6-40CA-87E2-FF775E51C7DE}.Debug|Any CPU.Build.0 = Debug|Any CPU
		{7AB20D66-00C6-40CA-87E2-FF775E51C7DE}.Release|Any CPU.ActiveCfg = Release|Any CPU
		{7AB20D66-00C6-40CA-87E2-FF775E51C7DE}.Release|Any CPU.Build.0 = Release|Any CPU
	EndGlobalSection
	GlobalSection(SolutionProperties) = preSolution
		HideSolutionNode = FALSE
	EndGlobalSection
	GlobalSection(ExtensibilityGlobals) = postSolution
		SolutionGuid = {5855DD71-1722-49BD-B678-10A121C538A6}
	EndGlobalSection
EndGlobal
